// !$*UTF8*$!
{
	archiveVersion = 1;
	classes = {
	};
	objectVersion = 56;
	objects = {

/* Begin PBXBuildFile section */
		2B6EF5A12B11368700181DB6 /* ZK_WalletApp.swift in Sources */ = {isa = PBXBuildFile; fileRef = 2B6EF5A02B11368700181DB6 /* ZK_WalletApp.swift */; };
		2B6EF5A32B11368700181DB6 /* ContentView.swift in Sources */ = {isa = PBXBuildFile; fileRef = 2B6EF5A22B11368700181DB6 /* ContentView.swift */; };
		2B6EF5A52B11368900181DB6 /* Assets.xcassets in Resources */ = {isa = PBXBuildFile; fileRef = 2B6EF5A42B11368900181DB6 /* Assets.xcassets */; };
		2B6EF5A82B11368900181DB6 /* Preview Assets.xcassets in Resources */ = {isa = PBXBuildFile; fileRef = 2B6EF5A72B11368900181DB6 /* Preview Assets.xcassets */; };
		2B6EF5B02B11386F00181DB6 /* AppTabView.swift in Sources */ = {isa = PBXBuildFile; fileRef = 2B6EF5AF2B11386F00181DB6 /* AppTabView.swift */; };
		2B6EF5B22B1138C700181DB6 /* WalletView.swift in Sources */ = {isa = PBXBuildFile; fileRef = 2B6EF5B12B1138C700181DB6 /* WalletView.swift */; };
		2B6EF5B42B1138F700181DB6 /* StateListView.swift in Sources */ = {isa = PBXBuildFile; fileRef = 2B6EF5B32B1138F700181DB6 /* StateListView.swift */; };
		2B6EF5B82B1146A500181DB6 /* StateModel.swift in Sources */ = {isa = PBXBuildFile; fileRef = 2B6EF5B72B1146A500181DB6 /* StateModel.swift */; };
		2B6EF5BE2B1149E300181DB6 /* HistoryCell.swift in Sources */ = {isa = PBXBuildFile; fileRef = 2B6EF5BD2B1149E300181DB6 /* HistoryCell.swift */; };
		2B6EF5C22B114C7800181DB6 /* HistoryListView.swift in Sources */ = {isa = PBXBuildFile; fileRef = 2B6EF5C12B114C7800181DB6 /* HistoryListView.swift */; };
		2B6EF5C42B11534700181DB6 /* CardView.swift in Sources */ = {isa = PBXBuildFile; fileRef = 2B6EF5C32B11534700181DB6 /* CardView.swift */; };
		2B6EF5CA2B11620200181DB6 /* OrganizationModel.swift in Sources */ = {isa = PBXBuildFile; fileRef = 2B6EF5C92B11620200181DB6 /* OrganizationModel.swift */; };
		2B6EF5CC2B11622400181DB6 /* OrganizationListView.swift in Sources */ = {isa = PBXBuildFile; fileRef = 2B6EF5CB2B11622400181DB6 /* OrganizationListView.swift */; };
		2B6EF5CE2B11659B00181DB6 /* LoginView.swift in Sources */ = {isa = PBXBuildFile; fileRef = 2B6EF5CD2B11659B00181DB6 /* LoginView.swift */; };
		2B6EF5D02B1165C700181DB6 /* OTPView.swift in Sources */ = {isa = PBXBuildFile; fileRef = 2B6EF5CF2B1165C700181DB6 /* OTPView.swift */; };
		2B6EF5D22B116AC400181DB6 /* DetailedHistoryView.swift in Sources */ = {isa = PBXBuildFile; fileRef = 2B6EF5D12B116AC400181DB6 /* DetailedHistoryView.swift */; };
		2B7E5BCA2B21092F00D19C4B /* StateRowView.swift in Sources */ = {isa = PBXBuildFile; fileRef = 2B7E5BC92B21092F00D19C4B /* StateRowView.swift */; };
		2B7E5BCC2B210AAE00D19C4B /* OrganizationRowView.swift in Sources */ = {isa = PBXBuildFile; fileRef = 2B7E5BCB2B210AAE00D19C4B /* OrganizationRowView.swift */; };
		2B7E5BD22B210D7C00D19C4B /* OtpSuccessView.swift in Sources */ = {isa = PBXBuildFile; fileRef = 2B7E5BD12B210D7C00D19C4B /* OtpSuccessView.swift */; };
		2B7E5BD62B210F4900D19C4B /* NoCardsView.swift in Sources */ = {isa = PBXBuildFile; fileRef = 2B7E5BD52B210F4900D19C4B /* NoCardsView.swift */; };
		2B7E5BDB2B2112F300D19C4B /* CardModel.swift in Sources */ = {isa = PBXBuildFile; fileRef = 2B7E5BDA2B2112F300D19C4B /* CardModel.swift */; };
		2B7E5BDD2B21160E00D19C4B /* CardStackView.swift in Sources */ = {isa = PBXBuildFile; fileRef = 2B7E5BDC2B21160E00D19C4B /* CardStackView.swift */; };
		2B7E5BDF2B21168300D19C4B /* ExpandedCardView.swift in Sources */ = {isa = PBXBuildFile; fileRef = 2B7E5BDE2B21168300D19C4B /* ExpandedCardView.swift */; };
		2B7E5BE62B211A4A00D19C4B /* GoogleService-Info.plist in Resources */ = {isa = PBXBuildFile; fileRef = 2B7E5BE52B211A4A00D19C4B /* GoogleService-Info.plist */; };
		2B7E5BEC2B211DAB00D19C4B /* OtpEntryView.swift in Sources */ = {isa = PBXBuildFile; fileRef = 2B7E5BEB2B211DAB00D19C4B /* OtpEntryView.swift */; };
		2B7E5BEE2B212F9700D19C4B /* Utils.swift in Sources */ = {isa = PBXBuildFile; fileRef = 2B7E5BED2B212F9700D19C4B /* Utils.swift */; };
		2B7E5BF02B213DC300D19C4B /* IdModel.swift in Sources */ = {isa = PBXBuildFile; fileRef = 2B7E5BEF2B213DC300D19C4B /* IdModel.swift */; };
		2B7E5BF22B2141BD00D19C4B /* DBManager.swift in Sources */ = {isa = PBXBuildFile; fileRef = 2B7E5BF12B2141BD00D19C4B /* DBManager.swift */; };
		2B7E5BF42B21A7AD00D19C4B /* ProofModel.swift in Sources */ = {isa = PBXBuildFile; fileRef = 2B7E5BF32B21A7AD00D19C4B /* ProofModel.swift */; };
		2B7E5BF62B22979C00D19C4B /* Transaction.swift in Sources */ = {isa = PBXBuildFile; fileRef = 2B7E5BF52B22979C00D19C4B /* Transaction.swift */; };
		2BAD164F2B2AB37400279EBE /* ProofCell.swift in Sources */ = {isa = PBXBuildFile; fileRef = 2BAD164E2B2AB37400279EBE /* ProofCell.swift */; };
		2BAD16532B2ABF8500279EBE /* ProofModalView.swift in Sources */ = {isa = PBXBuildFile; fileRef = 2BAD16522B2ABF8500279EBE /* ProofModalView.swift */; };
		2BAD16552B2AC52200279EBE /* NFCManager.swift in Sources */ = {isa = PBXBuildFile; fileRef = 2BAD16542B2AC52200279EBE /* NFCManager.swift */; };
		2BAD16572B2BB59000279EBE /* ActivityViewController.swift in Sources */ = {isa = PBXBuildFile; fileRef = 2BAD16562B2BB59000279EBE /* ActivityViewController.swift */; };
		2BD90F452B1DABF400AD0E92 /* APIManager.swift in Sources */ = {isa = PBXBuildFile; fileRef = 2BD90F442B1DABF400AD0E92 /* APIManager.swift */; };
		92E896C958C47BDDEA198A1C /* Pods_ZK_Wallet.framework in Frameworks */ = {isa = PBXBuildFile; fileRef = E995CF26C0DF91B0A37D7CD5 /* Pods_ZK_Wallet.framework */; };
/* End PBXBuildFile section */

/* Begin PBXFileReference section */
		2B6EF59D2B11368700181DB6 /* ZK Wallet.app */ = {isa = PBXFileReference; explicitFileType = wrapper.application; includeInIndex = 0; path = "ZK Wallet.app"; sourceTree = BUILT_PRODUCTS_DIR; };
		2B6EF5A02B11368700181DB6 /* ZK_WalletApp.swift */ = {isa = PBXFileReference; lastKnownFileType = sourcecode.swift; path = ZK_WalletApp.swift; sourceTree = "<group>"; };
		2B6EF5A22B11368700181DB6 /* ContentView.swift */ = {isa = PBXFileReference; lastKnownFileType = sourcecode.swift; path = ContentView.swift; sourceTree = "<group>"; };
		2B6EF5A42B11368900181DB6 /* Assets.xcassets */ = {isa = PBXFileReference; lastKnownFileType = folder.assetcatalog; path = Assets.xcassets; sourceTree = "<group>"; };
		2B6EF5A72B11368900181DB6 /* Preview Assets.xcassets */ = {isa = PBXFileReference; lastKnownFileType = folder.assetcatalog; path = "Preview Assets.xcassets"; sourceTree = "<group>"; };
		2B6EF5AF2B11386F00181DB6 /* AppTabView.swift */ = {isa = PBXFileReference; lastKnownFileType = sourcecode.swift; path = AppTabView.swift; sourceTree = "<group>"; };
		2B6EF5B12B1138C700181DB6 /* WalletView.swift */ = {isa = PBXFileReference; lastKnownFileType = sourcecode.swift; path = WalletView.swift; sourceTree = "<group>"; };
		2B6EF5B32B1138F700181DB6 /* StateListView.swift */ = {isa = PBXFileReference; lastKnownFileType = sourcecode.swift; path = StateListView.swift; sourceTree = "<group>"; };
		2B6EF5B72B1146A500181DB6 /* StateModel.swift */ = {isa = PBXFileReference; lastKnownFileType = sourcecode.swift; path = StateModel.swift; sourceTree = "<group>"; };
		2B6EF5BD2B1149E300181DB6 /* HistoryCell.swift */ = {isa = PBXFileReference; lastKnownFileType = sourcecode.swift; path = HistoryCell.swift; sourceTree = "<group>"; };
		2B6EF5C12B114C7800181DB6 /* HistoryListView.swift */ = {isa = PBXFileReference; lastKnownFileType = sourcecode.swift; path = HistoryListView.swift; sourceTree = "<group>"; };
		2B6EF5C32B11534700181DB6 /* CardView.swift */ = {isa = PBXFileReference; lastKnownFileType = sourcecode.swift; path = CardView.swift; sourceTree = "<group>"; };
		2B6EF5C92B11620200181DB6 /* OrganizationModel.swift */ = {isa = PBXFileReference; lastKnownFileType = sourcecode.swift; path = OrganizationModel.swift; sourceTree = "<group>"; };
		2B6EF5CB2B11622400181DB6 /* OrganizationListView.swift */ = {isa = PBXFileReference; lastKnownFileType = sourcecode.swift; path = OrganizationListView.swift; sourceTree = "<group>"; };
		2B6EF5CD2B11659B00181DB6 /* LoginView.swift */ = {isa = PBXFileReference; lastKnownFileType = sourcecode.swift; path = LoginView.swift; sourceTree = "<group>"; };
		2B6EF5CF2B1165C700181DB6 /* OTPView.swift */ = {isa = PBXFileReference; lastKnownFileType = sourcecode.swift; path = OTPView.swift; sourceTree = "<group>"; };
		2B6EF5D12B116AC400181DB6 /* DetailedHistoryView.swift */ = {isa = PBXFileReference; lastKnownFileType = sourcecode.swift; path = DetailedHistoryView.swift; sourceTree = "<group>"; };
		2B7E5BC92B21092F00D19C4B /* StateRowView.swift */ = {isa = PBXFileReference; lastKnownFileType = sourcecode.swift; path = StateRowView.swift; sourceTree = "<group>"; };
		2B7E5BCB2B210AAE00D19C4B /* OrganizationRowView.swift */ = {isa = PBXFileReference; lastKnownFileType = sourcecode.swift; path = OrganizationRowView.swift; sourceTree = "<group>"; };
		2B7E5BD12B210D7C00D19C4B /* OtpSuccessView.swift */ = {isa = PBXFileReference; lastKnownFileType = sourcecode.swift; path = OtpSuccessView.swift; sourceTree = "<group>"; };
		2B7E5BD52B210F4900D19C4B /* NoCardsView.swift */ = {isa = PBXFileReference; lastKnownFileType = sourcecode.swift; path = NoCardsView.swift; sourceTree = "<group>"; };
		2B7E5BDA2B2112F300D19C4B /* CardModel.swift */ = {isa = PBXFileReference; lastKnownFileType = sourcecode.swift; path = CardModel.swift; sourceTree = "<group>"; };
		2B7E5BDC2B21160E00D19C4B /* CardStackView.swift */ = {isa = PBXFileReference; lastKnownFileType = sourcecode.swift; path = CardStackView.swift; sourceTree = "<group>"; };
		2B7E5BDE2B21168300D19C4B /* ExpandedCardView.swift */ = {isa = PBXFileReference; lastKnownFileType = sourcecode.swift; path = ExpandedCardView.swift; sourceTree = "<group>"; };
		2B7E5BE52B211A4A00D19C4B /* GoogleService-Info.plist */ = {isa = PBXFileReference; fileEncoding = 4; lastKnownFileType = text.plist.xml; path = "GoogleService-Info.plist"; sourceTree = "<group>"; };
		2B7E5BEB2B211DAB00D19C4B /* OtpEntryView.swift */ = {isa = PBXFileReference; lastKnownFileType = sourcecode.swift; path = OtpEntryView.swift; sourceTree = "<group>"; };
		2B7E5BED2B212F9700D19C4B /* Utils.swift */ = {isa = PBXFileReference; lastKnownFileType = sourcecode.swift; path = Utils.swift; sourceTree = "<group>"; };
		2B7E5BEF2B213DC300D19C4B /* IdModel.swift */ = {isa = PBXFileReference; lastKnownFileType = sourcecode.swift; path = IdModel.swift; sourceTree = "<group>"; };
		2B7E5BF12B2141BD00D19C4B /* DBManager.swift */ = {isa = PBXFileReference; lastKnownFileType = sourcecode.swift; path = DBManager.swift; sourceTree = "<group>"; };
		2B7E5BF32B21A7AD00D19C4B /* ProofModel.swift */ = {isa = PBXFileReference; lastKnownFileType = sourcecode.swift; path = ProofModel.swift; sourceTree = "<group>"; };
		2B7E5BF52B22979C00D19C4B /* Transaction.swift */ = {isa = PBXFileReference; lastKnownFileType = sourcecode.swift; path = Transaction.swift; sourceTree = "<group>"; };
		2BAD164E2B2AB37400279EBE /* ProofCell.swift */ = {isa = PBXFileReference; lastKnownFileType = sourcecode.swift; path = ProofCell.swift; sourceTree = "<group>"; };
		2BAD16522B2ABF8500279EBE /* ProofModalView.swift */ = {isa = PBXFileReference; lastKnownFileType = sourcecode.swift; path = ProofModalView.swift; sourceTree = "<group>"; };
		2BAD16542B2AC52200279EBE /* NFCManager.swift */ = {isa = PBXFileReference; lastKnownFileType = sourcecode.swift; path = NFCManager.swift; sourceTree = "<group>"; };
		2BAD16562B2BB59000279EBE /* ActivityViewController.swift */ = {isa = PBXFileReference; lastKnownFileType = sourcecode.swift; path = ActivityViewController.swift; sourceTree = "<group>"; };
		2BD90F402B1D95F600AD0E92 /* ZK Wallet.entitlements */ = {isa = PBXFileReference; lastKnownFileType = text.plist.entitlements; path = "ZK Wallet.entitlements"; sourceTree = "<group>"; };
		2BD90F412B1D960700AD0E92 /* ZK-Wallet-Info.plist */ = {isa = PBXFileReference; lastKnownFileType = text.plist.xml; path = "ZK-Wallet-Info.plist"; sourceTree = SOURCE_ROOT; };
		2BD90F442B1DABF400AD0E92 /* APIManager.swift */ = {isa = PBXFileReference; lastKnownFileType = sourcecode.swift; path = APIManager.swift; sourceTree = "<group>"; };
		35ACAC02E04A177E9892EB1E /* Pods-ZK Wallet.debug.xcconfig */ = {isa = PBXFileReference; includeInIndex = 1; lastKnownFileType = text.xcconfig; name = "Pods-ZK Wallet.debug.xcconfig"; path = "Target Support Files/Pods-ZK Wallet/Pods-ZK Wallet.debug.xcconfig"; sourceTree = "<group>"; };
		68D6F0A727CF57D830CED52D /* Pods-ZK Wallet.release.xcconfig */ = {isa = PBXFileReference; includeInIndex = 1; lastKnownFileType = text.xcconfig; name = "Pods-ZK Wallet.release.xcconfig"; path = "Target Support Files/Pods-ZK Wallet/Pods-ZK Wallet.release.xcconfig"; sourceTree = "<group>"; };
		E995CF26C0DF91B0A37D7CD5 /* Pods_ZK_Wallet.framework */ = {isa = PBXFileReference; explicitFileType = wrapper.framework; includeInIndex = 0; path = Pods_ZK_Wallet.framework; sourceTree = BUILT_PRODUCTS_DIR; };
/* End PBXFileReference section */

/* Begin PBXFrameworksBuildPhase section */
		2B6EF59A2B11368700181DB6 /* Frameworks */ = {
			isa = PBXFrameworksBuildPhase;
			buildActionMask = 2147483647;
			files = (
				92E896C958C47BDDEA198A1C /* Pods_ZK_Wallet.framework in Frameworks */,
			);
			runOnlyForDeploymentPostprocessing = 0;
		};
/* End PBXFrameworksBuildPhase section */

/* Begin PBXGroup section */
		2B6EF5942B11368700181DB6 = {
			isa = PBXGroup;
			children = (
				2BD90F412B1D960700AD0E92 /* ZK-Wallet-Info.plist */,
				2B6EF59F2B11368700181DB6 /* ZK Wallet */,
				2B6EF59E2B11368700181DB6 /* Products */,
				C6D67A51173B514DD482992F /* Pods */,
				E53A5D2E11B13D6AEDA25D17 /* Frameworks */,
			);
			sourceTree = "<group>";
		};
		2B6EF59E2B11368700181DB6 /* Products */ = {
			isa = PBXGroup;
			children = (
				2B6EF59D2B11368700181DB6 /* ZK Wallet.app */,
			);
			name = Products;
			sourceTree = "<group>";
		};
		2B6EF59F2B11368700181DB6 /* ZK Wallet */ = {
			isa = PBXGroup;
			children = (
				2B7E5BE52B211A4A00D19C4B /* GoogleService-Info.plist */,
				2BD90F402B1D95F600AD0E92 /* ZK Wallet.entitlements */,
				2B6EF5B92B1146AA00181DB6 /* Model */,
				2B7E5BC82B21088500D19C4B /* Utilities */,
				2B6EF5AE2B11385F00181DB6 /* View */,
				2B6EF5A02B11368700181DB6 /* ZK_WalletApp.swift */,
				2B6EF5A22B11368700181DB6 /* ContentView.swift */,
				2B6EF5A42B11368900181DB6 /* Assets.xcassets */,
				2B6EF5A62B11368900181DB6 /* Preview Content */,
			);
			path = "ZK Wallet";
			sourceTree = "<group>";
		};
		2B6EF5A62B11368900181DB6 /* Preview Content */ = {
			isa = PBXGroup;
			children = (
				2B6EF5A72B11368900181DB6 /* Preview Assets.xcassets */,
			);
			path = "Preview Content";
			sourceTree = "<group>";
		};
		2B6EF5AE2B11385F00181DB6 /* View */ = {
			isa = PBXGroup;
			children = (
				2B7E5BE02B2117DA00D19C4B /* CardsView */,
				2B7E5BC72B21082E00D19C4B /* Tab views */,
				2B7E5BC62B2107FC00D19C4B /* Modal Views */,
				2B6EF5BC2B1149CD00181DB6 /* Cells */,
				2BAD16562B2BB59000279EBE /* ActivityViewController.swift */,
			);
			path = View;
			sourceTree = "<group>";
		};
		2B6EF5B92B1146AA00181DB6 /* Model */ = {
			isa = PBXGroup;
			children = (
				2B6EF5B72B1146A500181DB6 /* StateModel.swift */,
				2B6EF5C92B11620200181DB6 /* OrganizationModel.swift */,
				2B7E5BDA2B2112F300D19C4B /* CardModel.swift */,
				2B7E5BEF2B213DC300D19C4B /* IdModel.swift */,
				2B7E5BF32B21A7AD00D19C4B /* ProofModel.swift */,
				2B7E5BF52B22979C00D19C4B /* Transaction.swift */,
			);
			path = Model;
			sourceTree = "<group>";
		};
		2B6EF5BC2B1149CD00181DB6 /* Cells */ = {
			isa = PBXGroup;
			children = (
				2BAD164E2B2AB37400279EBE /* ProofCell.swift */,
				2B7E5BC92B21092F00D19C4B /* StateRowView.swift */,
				2B7E5BCB2B210AAE00D19C4B /* OrganizationRowView.swift */,
				2B6EF5BD2B1149E300181DB6 /* HistoryCell.swift */,
			);
			path = Cells;
			sourceTree = "<group>";
		};
		2B7E5BC62B2107FC00D19C4B /* Modal Views */ = {
			isa = PBXGroup;
			children = (
				2B6EF5CD2B11659B00181DB6 /* LoginView.swift */,
				2B6EF5CF2B1165C700181DB6 /* OTPView.swift */,
				2B7E5BEB2B211DAB00D19C4B /* OtpEntryView.swift */,
				2B7E5BD12B210D7C00D19C4B /* OtpSuccessView.swift */,
				2BAD16522B2ABF8500279EBE /* ProofModalView.swift */,
			);
			path = "Modal Views";
			sourceTree = "<group>";
		};
		2B7E5BC72B21082E00D19C4B /* Tab views */ = {
			isa = PBXGroup;
			children = (
				2B6EF5AF2B11386F00181DB6 /* AppTabView.swift */,
				2B6EF5B12B1138C700181DB6 /* WalletView.swift */,
				2B6EF5B32B1138F700181DB6 /* StateListView.swift */,
				2B6EF5CB2B11622400181DB6 /* OrganizationListView.swift */,
				2B6EF5C12B114C7800181DB6 /* HistoryListView.swift */,
				2B6EF5D12B116AC400181DB6 /* DetailedHistoryView.swift */,
			);
			path = "Tab views";
			sourceTree = "<group>";
		};
		2B7E5BC82B21088500D19C4B /* Utilities */ = {
			isa = PBXGroup;
			children = (
				2BD90F442B1DABF400AD0E92 /* APIManager.swift */,
				2B7E5BED2B212F9700D19C4B /* Utils.swift */,
				2B7E5BF12B2141BD00D19C4B /* DBManager.swift */,
				2BAD16542B2AC52200279EBE /* NFCManager.swift */,
			);
			path = Utilities;
			sourceTree = "<group>";
		};
		2B7E5BE02B2117DA00D19C4B /* CardsView */ = {
			isa = PBXGroup;
			children = (
				2B7E5BD52B210F4900D19C4B /* NoCardsView.swift */,
				2B6EF5C32B11534700181DB6 /* CardView.swift */,
				2B7E5BDC2B21160E00D19C4B /* CardStackView.swift */,
				2B7E5BDE2B21168300D19C4B /* ExpandedCardView.swift */,
			);
			path = CardsView;
			sourceTree = "<group>";
		};
		C6D67A51173B514DD482992F /* Pods */ = {
			isa = PBXGroup;
			children = (
				35ACAC02E04A177E9892EB1E /* Pods-ZK Wallet.debug.xcconfig */,
				68D6F0A727CF57D830CED52D /* Pods-ZK Wallet.release.xcconfig */,
			);
			path = Pods;
			sourceTree = "<group>";
		};
		E53A5D2E11B13D6AEDA25D17 /* Frameworks */ = {
			isa = PBXGroup;
			children = (
				E995CF26C0DF91B0A37D7CD5 /* Pods_ZK_Wallet.framework */,
			);
			name = Frameworks;
			sourceTree = "<group>";
		};
/* End PBXGroup section */

/* Begin PBXNativeTarget section */
		2B6EF59C2B11368700181DB6 /* ZK Wallet */ = {
			isa = PBXNativeTarget;
			buildConfigurationList = 2B6EF5AB2B11368900181DB6 /* Build configuration list for PBXNativeTarget "ZK Wallet" */;
			buildPhases = (
				9AC68318665AE18E88B9F653 /* [CP] Check Pods Manifest.lock */,
				2B6EF5992B11368700181DB6 /* Sources */,
				2B6EF59A2B11368700181DB6 /* Frameworks */,
				2B6EF59B2B11368700181DB6 /* Resources */,
				AE343E3745DF03AB62A8D975 /* [CP] Embed Pods Frameworks */,
			);
			buildRules = (
			);
			dependencies = (
			);
			name = "ZK Wallet";
			productName = "ZK Wallet";
			productReference = 2B6EF59D2B11368700181DB6 /* ZK Wallet.app */;
			productType = "com.apple.product-type.application";
		};
/* End PBXNativeTarget section */

/* Begin PBXProject section */
		2B6EF5952B11368700181DB6 /* Project object */ = {
			isa = PBXProject;
			attributes = {
				BuildIndependentTargetsInParallel = 1;
				LastSwiftUpdateCheck = 1500;
				LastUpgradeCheck = 1500;
				TargetAttributes = {
					2B6EF59C2B11368700181DB6 = {
						CreatedOnToolsVersion = 15.0.1;
					};
				};
			};
			buildConfigurationList = 2B6EF5982B11368700181DB6 /* Build configuration list for PBXProject "ZK Wallet" */;
			compatibilityVersion = "Xcode 14.0";
			developmentRegion = en;
			hasScannedForEncodings = 0;
			knownRegions = (
				en,
				Base,
			);
			mainGroup = 2B6EF5942B11368700181DB6;
			productRefGroup = 2B6EF59E2B11368700181DB6 /* Products */;
			projectDirPath = "";
			projectRoot = "";
			targets = (
				2B6EF59C2B11368700181DB6 /* ZK Wallet */,
			);
		};
/* End PBXProject section */

/* Begin PBXResourcesBuildPhase section */
		2B6EF59B2B11368700181DB6 /* Resources */ = {
			isa = PBXResourcesBuildPhase;
			buildActionMask = 2147483647;
			files = (
				2B6EF5A82B11368900181DB6 /* Preview Assets.xcassets in Resources */,
				2B6EF5A52B11368900181DB6 /* Assets.xcassets in Resources */,
				2B7E5BE62B211A4A00D19C4B /* GoogleService-Info.plist in Resources */,
			);
			runOnlyForDeploymentPostprocessing = 0;
		};
/* End PBXResourcesBuildPhase section */

/* Begin PBXShellScriptBuildPhase section */
		9AC68318665AE18E88B9F653 /* [CP] Check Pods Manifest.lock */ = {
			isa = PBXShellScriptBuildPhase;
			buildActionMask = 2147483647;
			files = (
			);
			inputFileListPaths = (
			);
			inputPaths = (
				"${PODS_PODFILE_DIR_PATH}/Podfile.lock",
				"${PODS_ROOT}/Manifest.lock",
			);
			name = "[CP] Check Pods Manifest.lock";
			outputFileListPaths = (
			);
			outputPaths = (
				"$(DERIVED_FILE_DIR)/Pods-ZK Wallet-checkManifestLockResult.txt",
			);
			runOnlyForDeploymentPostprocessing = 0;
			shellPath = /bin/sh;
			shellScript = "diff \"${PODS_PODFILE_DIR_PATH}/Podfile.lock\" \"${PODS_ROOT}/Manifest.lock\" > /dev/null\nif [ $? != 0 ] ; then\n    # print error to STDERR\n    echo \"error: The sandbox is not in sync with the Podfile.lock. Run 'pod install' or update your CocoaPods installation.\" >&2\n    exit 1\nfi\n# This output is used by Xcode 'outputs' to avoid re-running this script phase.\necho \"SUCCESS\" > \"${SCRIPT_OUTPUT_FILE_0}\"\n";
			showEnvVarsInLog = 0;
		};
		AE343E3745DF03AB62A8D975 /* [CP] Embed Pods Frameworks */ = {
			isa = PBXShellScriptBuildPhase;
			buildActionMask = 2147483647;
			files = (
			);
			inputFileListPaths = (
				"${PODS_ROOT}/Target Support Files/Pods-ZK Wallet/Pods-ZK Wallet-frameworks-${CONFIGURATION}-input-files.xcfilelist",
			);
			name = "[CP] Embed Pods Frameworks";
			outputFileListPaths = (
				"${PODS_ROOT}/Target Support Files/Pods-ZK Wallet/Pods-ZK Wallet-frameworks-${CONFIGURATION}-output-files.xcfilelist",
			);
			runOnlyForDeploymentPostprocessing = 0;
			shellPath = /bin/sh;
			shellScript = "\"${PODS_ROOT}/Target Support Files/Pods-ZK Wallet/Pods-ZK Wallet-frameworks.sh\"\n";
			showEnvVarsInLog = 0;
		};
/* End PBXShellScriptBuildPhase section */

/* Begin PBXSourcesBuildPhase section */
		2B6EF5992B11368700181DB6 /* Sources */ = {
			isa = PBXSourcesBuildPhase;
			buildActionMask = 2147483647;
			files = (
				2B7E5BCA2B21092F00D19C4B /* StateRowView.swift in Sources */,
				2B7E5BF02B213DC300D19C4B /* IdModel.swift in Sources */,
				2B7E5BEE2B212F9700D19C4B /* Utils.swift in Sources */,
				2BAD16572B2BB59000279EBE /* ActivityViewController.swift in Sources */,
				2B7E5BF42B21A7AD00D19C4B /* ProofModel.swift in Sources */,
				2BD90F452B1DABF400AD0E92 /* APIManager.swift in Sources */,
				2B7E5BDB2B2112F300D19C4B /* CardModel.swift in Sources */,
				2B6EF5CC2B11622400181DB6 /* OrganizationListView.swift in Sources */,
				2B6EF5CA2B11620200181DB6 /* OrganizationModel.swift in Sources */,
				2B6EF5B02B11386F00181DB6 /* AppTabView.swift in Sources */,
				2B6EF5BE2B1149E300181DB6 /* HistoryCell.swift in Sources */,
				2B6EF5A32B11368700181DB6 /* ContentView.swift in Sources */,
				2B7E5BF22B2141BD00D19C4B /* DBManager.swift in Sources */,
				2B6EF5A12B11368700181DB6 /* ZK_WalletApp.swift in Sources */,
				2B6EF5CE2B11659B00181DB6 /* LoginView.swift in Sources */,
				2B7E5BF62B22979C00D19C4B /* Transaction.swift in Sources */,
				2B7E5BDD2B21160E00D19C4B /* CardStackView.swift in Sources */,
				2B6EF5B82B1146A500181DB6 /* StateModel.swift in Sources */,
				2B7E5BD62B210F4900D19C4B /* NoCardsView.swift in Sources */,
				2B6EF5B22B1138C700181DB6 /* WalletView.swift in Sources */,
				2B7E5BDF2B21168300D19C4B /* ExpandedCardView.swift in Sources */,
				2B6EF5B42B1138F700181DB6 /* StateListView.swift in Sources */,
				2BAD16532B2ABF8500279EBE /* ProofModalView.swift in Sources */,
				2B7E5BCC2B210AAE00D19C4B /* OrganizationRowView.swift in Sources */,
				2B6EF5D22B116AC400181DB6 /* DetailedHistoryView.swift in Sources */,
				2B7E5BEC2B211DAB00D19C4B /* OtpEntryView.swift in Sources */,
				2B6EF5D02B1165C700181DB6 /* OTPView.swift in Sources */,
				2B6EF5C42B11534700181DB6 /* CardView.swift in Sources */,
				2BAD16552B2AC52200279EBE /* NFCManager.swift in Sources */,
				2BAD164F2B2AB37400279EBE /* ProofCell.swift in Sources */,
				2B7E5BD22B210D7C00D19C4B /* OtpSuccessView.swift in Sources */,
				2B6EF5C22B114C7800181DB6 /* HistoryListView.swift in Sources */,
			);
			runOnlyForDeploymentPostprocessing = 0;
		};
/* End PBXSourcesBuildPhase section */

/* Begin XCBuildConfiguration section */
		2B6EF5A92B11368900181DB6 /* Debug */ = {
			isa = XCBuildConfiguration;
			buildSettings = {
				ALWAYS_SEARCH_USER_PATHS = NO;
				ASSETCATALOG_COMPILER_GENERATE_SWIFT_ASSET_SYMBOL_EXTENSIONS = YES;
				CLANG_ANALYZER_NONNULL = YES;
				CLANG_ANALYZER_NUMBER_OBJECT_CONVERSION = YES_AGGRESSIVE;
				CLANG_CXX_LANGUAGE_STANDARD = "gnu++20";
				CLANG_ENABLE_MODULES = YES;
				CLANG_ENABLE_OBJC_ARC = YES;
				CLANG_ENABLE_OBJC_WEAK = YES;
				CLANG_WARN_BLOCK_CAPTURE_AUTORELEASING = YES;
				CLANG_WARN_BOOL_CONVERSION = YES;
				CLANG_WARN_COMMA = YES;
				CLANG_WARN_CONSTANT_CONVERSION = YES;
				CLANG_WARN_DEPRECATED_OBJC_IMPLEMENTATIONS = YES;
				CLANG_WARN_DIRECT_OBJC_ISA_USAGE = YES_ERROR;
				CLANG_WARN_DOCUMENTATION_COMMENTS = YES;
				CLANG_WARN_EMPTY_BODY = YES;
				CLANG_WARN_ENUM_CONVERSION = YES;
				CLANG_WARN_INFINITE_RECURSION = YES;
				CLANG_WARN_INT_CONVERSION = YES;
				CLANG_WARN_NON_LITERAL_NULL_CONVERSION = YES;
				CLANG_WARN_OBJC_IMPLICIT_RETAIN_SELF = YES;
				CLANG_WARN_OBJC_LITERAL_CONVERSION = YES;
				CLANG_WARN_OBJC_ROOT_CLASS = YES_ERROR;
				CLANG_WARN_QUOTED_INCLUDE_IN_FRAMEWORK_HEADER = YES;
				CLANG_WARN_RANGE_LOOP_ANALYSIS = YES;
				CLANG_WARN_STRICT_PROTOTYPES = YES;
				CLANG_WARN_SUSPICIOUS_MOVE = YES;
				CLANG_WARN_UNGUARDED_AVAILABILITY = YES_AGGRESSIVE;
				CLANG_WARN_UNREACHABLE_CODE = YES;
				CLANG_WARN__DUPLICATE_METHOD_MATCH = YES;
				COPY_PHASE_STRIP = NO;
				DEBUG_INFORMATION_FORMAT = dwarf;
				ENABLE_STRICT_OBJC_MSGSEND = YES;
				ENABLE_TESTABILITY = YES;
				ENABLE_USER_SCRIPT_SANDBOXING = NO;
				GCC_C_LANGUAGE_STANDARD = gnu17;
				GCC_DYNAMIC_NO_PIC = NO;
				GCC_NO_COMMON_BLOCKS = YES;
				GCC_OPTIMIZATION_LEVEL = 0;
				GCC_PREPROCESSOR_DEFINITIONS = (
					"DEBUG=1",
					"$(inherited)",
				);
				GCC_WARN_64_TO_32_BIT_CONVERSION = YES;
				GCC_WARN_ABOUT_RETURN_TYPE = YES_ERROR;
				GCC_WARN_UNDECLARED_SELECTOR = YES;
				GCC_WARN_UNINITIALIZED_AUTOS = YES_AGGRESSIVE;
				GCC_WARN_UNUSED_FUNCTION = YES;
				GCC_WARN_UNUSED_VARIABLE = YES;
				IPHONEOS_DEPLOYMENT_TARGET = 17.0;
				LOCALIZATION_PREFERS_STRING_CATALOGS = YES;
				MTL_ENABLE_DEBUG_INFO = INCLUDE_SOURCE;
				MTL_FAST_MATH = YES;
				ONLY_ACTIVE_ARCH = YES;
				SDKROOT = iphoneos;
				SWIFT_ACTIVE_COMPILATION_CONDITIONS = "DEBUG $(inherited)";
				SWIFT_OPTIMIZATION_LEVEL = "-Onone";
			};
			name = Debug;
		};
		2B6EF5AA2B11368900181DB6 /* Release */ = {
			isa = XCBuildConfiguration;
			buildSettings = {
				ALWAYS_SEARCH_USER_PATHS = NO;
				ASSETCATALOG_COMPILER_GENERATE_SWIFT_ASSET_SYMBOL_EXTENSIONS = YES;
				CLANG_ANALYZER_NONNULL = YES;
				CLANG_ANALYZER_NUMBER_OBJECT_CONVERSION = YES_AGGRESSIVE;
				CLANG_CXX_LANGUAGE_STANDARD = "gnu++20";
				CLANG_ENABLE_MODULES = YES;
				CLANG_ENABLE_OBJC_ARC = YES;
				CLANG_ENABLE_OBJC_WEAK = YES;
				CLANG_WARN_BLOCK_CAPTURE_AUTORELEASING = YES;
				CLANG_WARN_BOOL_CONVERSION = YES;
				CLANG_WARN_COMMA = YES;
				CLANG_WARN_CONSTANT_CONVERSION = YES;
				CLANG_WARN_DEPRECATED_OBJC_IMPLEMENTATIONS = YES;
				CLANG_WARN_DIRECT_OBJC_ISA_USAGE = YES_ERROR;
				CLANG_WARN_DOCUMENTATION_COMMENTS = YES;
				CLANG_WARN_EMPTY_BODY = YES;
				CLANG_WARN_ENUM_CONVERSION = YES;
				CLANG_WARN_INFINITE_RECURSION = YES;
				CLANG_WARN_INT_CONVERSION = YES;
				CLANG_WARN_NON_LITERAL_NULL_CONVERSION = YES;
				CLANG_WARN_OBJC_IMPLICIT_RETAIN_SELF = YES;
				CLANG_WARN_OBJC_LITERAL_CONVERSION = YES;
				CLANG_WARN_OBJC_ROOT_CLASS = YES_ERROR;
				CLANG_WARN_QUOTED_INCLUDE_IN_FRAMEWORK_HEADER = YES;
				CLANG_WARN_RANGE_LOOP_ANALYSIS = YES;
				CLANG_WARN_STRICT_PROTOTYPES = YES;
				CLANG_WARN_SUSPICIOUS_MOVE = YES;
				CLANG_WARN_UNGUARDED_AVAILABILITY = YES_AGGRESSIVE;
				CLANG_WARN_UNREACHABLE_CODE = YES;
				CLANG_WARN__DUPLICATE_METHOD_MATCH = YES;
				COPY_PHASE_STRIP = NO;
				DEBUG_INFORMATION_FORMAT = "dwarf-with-dsym";
				ENABLE_NS_ASSERTIONS = NO;
				ENABLE_STRICT_OBJC_MSGSEND = YES;
				ENABLE_USER_SCRIPT_SANDBOXING = NO;
				GCC_C_LANGUAGE_STANDARD = gnu17;
				GCC_NO_COMMON_BLOCKS = YES;
				GCC_WARN_64_TO_32_BIT_CONVERSION = YES;
				GCC_WARN_ABOUT_RETURN_TYPE = YES_ERROR;
				GCC_WARN_UNDECLARED_SELECTOR = YES;
				GCC_WARN_UNINITIALIZED_AUTOS = YES_AGGRESSIVE;
				GCC_WARN_UNUSED_FUNCTION = YES;
				GCC_WARN_UNUSED_VARIABLE = YES;
				IPHONEOS_DEPLOYMENT_TARGET = 17.0;
				LOCALIZATION_PREFERS_STRING_CATALOGS = YES;
				MTL_ENABLE_DEBUG_INFO = NO;
				MTL_FAST_MATH = YES;
				SDKROOT = iphoneos;
				SWIFT_COMPILATION_MODE = wholemodule;
				VALIDATE_PRODUCT = YES;
			};
			name = Release;
		};
		2B6EF5AC2B11368900181DB6 /* Debug */ = {
			isa = XCBuildConfiguration;
			baseConfigurationReference = 35ACAC02E04A177E9892EB1E /* Pods-ZK Wallet.debug.xcconfig */;
			buildSettings = {
				ASSETCATALOG_COMPILER_APPICON_NAME = AppIcon;
				ASSETCATALOG_COMPILER_GLOBAL_ACCENT_COLOR_NAME = AccentColor;
				CODE_SIGN_ENTITLEMENTS = "ZK Wallet/ZK Wallet.entitlements";
				CODE_SIGN_STYLE = Automatic;
				CURRENT_PROJECT_VERSION = 1;
				DEVELOPMENT_ASSET_PATHS = "\"ZK Wallet/Preview Content\"";
				DEVELOPMENT_TEAM = P33P4J96T4;
				ENABLE_PREVIEWS = YES;
				GENERATE_INFOPLIST_FILE = YES;
				INFOPLIST_FILE = "ZK-Wallet-Info.plist";
				INFOPLIST_KEY_UIApplicationSceneManifest_Generation = YES;
				INFOPLIST_KEY_UIApplicationSupportsIndirectInputEvents = YES;
				INFOPLIST_KEY_UILaunchScreen_Generation = YES;
				INFOPLIST_KEY_UISupportedInterfaceOrientations_iPad = "UIInterfaceOrientationPortrait UIInterfaceOrientationPortraitUpsideDown UIInterfaceOrientationLandscapeLeft UIInterfaceOrientationLandscapeRight";
				INFOPLIST_KEY_UISupportedInterfaceOrientations_iPhone = "UIInterfaceOrientationPortrait UIInterfaceOrientationLandscapeLeft UIInterfaceOrientationLandscapeRight";
				LD_RUNPATH_SEARCH_PATHS = (
					"$(inherited)",
					"@executable_path/Frameworks",
				);
				MARKETING_VERSION = 1.0;
				PRODUCT_BUNDLE_IDENTIFIER = "me.mahithchigurupati.ZK-Wallet";
				PRODUCT_NAME = "$(TARGET_NAME)";
				SWIFT_EMIT_LOC_STRINGS = YES;
				SWIFT_VERSION = 5.0;
				TARGETED_DEVICE_FAMILY = "1,2";
			};
			name = Debug;
		};
		2B6EF5AD2B11368900181DB6 /* Release */ = {
			isa = XCBuildConfiguration;
			baseConfigurationReference = 68D6F0A727CF57D830CED52D /* Pods-ZK Wallet.release.xcconfig */;
			buildSettings = {
				ASSETCATALOG_COMPILER_APPICON_NAME = AppIcon;
				ASSETCATALOG_COMPILER_GLOBAL_ACCENT_COLOR_NAME = AccentColor;
				CODE_SIGN_ENTITLEMENTS = "ZK Wallet/ZK Wallet.entitlements";
				CODE_SIGN_STYLE = Automatic;
				CURRENT_PROJECT_VERSION = 1;
				DEVELOPMENT_ASSET_PATHS = "\"ZK Wallet/Preview Content\"";
				DEVELOPMENT_TEAM = P33P4J96T4;
				ENABLE_PREVIEWS = YES;
				GENERATE_INFOPLIST_FILE = YES;
				INFOPLIST_FILE = "ZK-Wallet-Info.plist";
				INFOPLIST_KEY_UIApplicationSceneManifest_Generation = YES;
				INFOPLIST_KEY_UIApplicationSupportsIndirectInputEvents = YES;
				INFOPLIST_KEY_UILaunchScreen_Generation = YES;
				INFOPLIST_KEY_UISupportedInterfaceOrientations_iPad = "UIInterfaceOrientationPortrait UIInterfaceOrientationPortraitUpsideDown UIInterfaceOrientationLandscapeLeft UIInterfaceOrientationLandscapeRight";
				INFOPLIST_KEY_UISupportedInterfaceOrientations_iPhone = "UIInterfaceOrientationPortrait UIInterfaceOrientationLandscapeLeft UIInterfaceOrientationLandscapeRight";
				LD_RUNPATH_SEARCH_PATHS = (
					"$(inherited)",
					"@executable_path/Frameworks",
				);
				MARKETING_VERSION = 1.0;
				PRODUCT_BUNDLE_IDENTIFIER = "me.mahithchigurupati.ZK-Wallet";
				PRODUCT_NAME = "$(TARGET_NAME)";
				SWIFT_EMIT_LOC_STRINGS = YES;
				SWIFT_VERSION = 5.0;
				TARGETED_DEVICE_FAMILY = "1,2";
			};
			name = Release;
		};
/* End XCBuildConfiguration section */

/* Begin XCConfigurationList section */
		2B6EF5982B11368700181DB6 /* Build configuration list for PBXProject "ZK Wallet" */ = {
			isa = XCConfigurationList;
			buildConfigurations = (
				2B6EF5A92B11368900181DB6 /* Debug */,
				2B6EF5AA2B11368900181DB6 /* Release */,
			);
			defaultConfigurationIsVisible = 0;
			defaultConfigurationName = Release;
		};
		2B6EF5AB2B11368900181DB6 /* Build configuration list for PBXNativeTarget "ZK Wallet" */ = {
			isa = XCConfigurationList;
			buildConfigurations = (
				2B6EF5AC2B11368900181DB6 /* Debug */,
				2B6EF5AD2B11368900181DB6 /* Release */,
			);
			defaultConfigurationIsVisible = 0;
			defaultConfigurationName = Release;
		};
/* End XCConfigurationList section */
	};
	rootObject = 2B6EF5952B11368700181DB6 /* Project object */;
}
